Microsoft Visual Studio Solution File, Format Version 11.00
# Visual Studio 2008

Project("{A23B6ED1-9801-7603-91C2-C245054FEE18}") = "Game_RPS", "Assembly-CSharp-vs.csproj", "{0E09A91D-3582-E119-7016-1A62E9ED9E3B}"
EndProject
Project("{A23B6ED1-9801-7603-91C2-C245054FEE18}") = "Game_RPS", "Assembly-CSharp-Editor-vs.csproj", "{A676D00D-4FF8-5EB1-64A1-E7012D30E3AC}"
EndProject
Global
	GlobalSection(SolutionConfigurationPlatforms) = preSolution
		Debug|Any CPU = Debug|Any CPU
		Release|Any CPU = Release|Any CPU
	EndGlobalSection
	GlobalSection(ProjectConfigurationPlatforms) = postSolution
		{0E09A91D-3582-E119-7016-1A62E9ED9E3B}.Debug|Any CPU.ActiveCfg = Debug|Any CPU
		{0E09A91D-3582-E119-7016-1A62E9ED9E3B}.Debug|Any CPU.Build.0 = Debug|Any CPU
		{0E09A91D-3582-E119-7016-1A62E9ED9E3B}.Release|Any CPU.ActiveCfg = Release|Any CPU
		{0E09A91D-3582-E119-7016-1A62E9ED9E3B}.Release|Any CPU.Build.0 = Release|Any CPU
		{A676D00D-4FF8-5EB1-64A1-E7012D30E3AC}.Debug|Any CPU.ActiveCfg = Debug|Any CPU
		{A676D00D-4FF8-5EB1-64A1-E7012D30E3AC}.Debug|Any CPU.Build.0 = Debug|Any CPU
		{A676D00D-4FF8-5EB1-64A1-E7012D30E3AC}.Release|Any CPU.ActiveCfg = Release|Any CPU
		{A676D00D-4FF8-5EB1-64A1-E7012D30E3AC}.Release|Any CPU.Build.0 = Release|Any CPU
	EndGlobalSection
	GlobalSection(SolutionProperties) = preSolution
		HideSolutionNode = FALSE
	EndGlobalSection
												GlobalSection(MonoDevelopProperties) = preSolution
		StartupItem = Assembly-CSharp.csproj
		Policies = $0
		$0.TextStylePolicy = $1
		$1.inheritsSet = null
		$1.scope = text/x-csharp
		$0.CSharpFormattingPolicy = $2
		$2.inheritsSet = Mono
		$2.inheritsScope = text/x-csharp
		$2.scope = text/x-csharp
		$0.TextStylePolicy = $3
		$3.FileWidth = 120
		$3.TabWidth = 4
		$3.EolMarker = Unix
		$3.inheritsSet = Mono
		$3.inheritsScope = text/plain
		$3.scope = text/plain
	EndGlobalSection

EndGlobal
